{
  "name": "01-HackaToons",
  "version": "0.1.0",
  "lockfileVersion": 1,
  "requires": true,
  "dependencies": {
    "cells-app-template": {
      "version": "3.0.10",
      "resolved": "https://globaldevtools.bbva.com:443/artifactory/api/npm/npm-repo/cells-app-template/-/cells-app-template-3.0.10.tgz",
      "integrity": "sha1-lWPI/FdDVIz1dy7fxl2+Tfe/ze8="
    }
  }
}
